// !$*UTF8*$!
{
	archiveVersion = 1;
	classes = {
	};
	objectVersion = 56;
	objects = {

/* Begin PBXBuildFile section */
<<<<<<< HEAD
		118AA96D2A95099F006946C3 /* MyEduEditView.swift in Sources */ = {isa = PBXBuildFile; fileRef = 118AA9682A95099F006946C3 /* MyEduEditView.swift */; };
		118AA96E2A95099F006946C3 /* SettingView.swift in Sources */ = {isa = PBXBuildFile; fileRef = 118AA9692A95099F006946C3 /* SettingView.swift */; };
		118AA96F2A95099F006946C3 /* MyProjectEditView.swift in Sources */ = {isa = PBXBuildFile; fileRef = 118AA96A2A95099F006946C3 /* MyProjectEditView.swift */; };
		118AA9702A95099F006946C3 /* MySkillEditView.swift in Sources */ = {isa = PBXBuildFile; fileRef = 118AA96B2A95099F006946C3 /* MySkillEditView.swift */; };
		118AA9712A95099F006946C3 /* MyWorkEditView.swift in Sources */ = {isa = PBXBuildFile; fileRef = 118AA96C2A95099F006946C3 /* MyWorkEditView.swift */; };
		118AA9732A95A24E006946C3 /* MyIntroEditView.swift in Sources */ = {isa = PBXBuildFile; fileRef = 118AA9722A95A24E006946C3 /* MyIntroEditView.swift */; };
		960EFDDB2A9491980036CEC1 /* MyResumeView.swift in Sources */ = {isa = PBXBuildFile; fileRef = 960EFDDA2A9491970036CEC1 /* MyResumeView.swift */; };
		960EFDE02A9497040036CEC1 /* MyIntroView.swift in Sources */ = {isa = PBXBuildFile; fileRef = 960EFDDF2A9497040036CEC1 /* MyIntroView.swift */; };
		960EFDE22A94971D0036CEC1 /* MyWorkView.swift in Sources */ = {isa = PBXBuildFile; fileRef = 960EFDE12A94971D0036CEC1 /* MyWorkView.swift */; };
		960EFDE42A9497330036CEC1 /* MyProjectView.swift in Sources */ = {isa = PBXBuildFile; fileRef = 960EFDE32A9497330036CEC1 /* MyProjectView.swift */; };
		960EFDE62A9497430036CEC1 /* MyEduView.swift in Sources */ = {isa = PBXBuildFile; fileRef = 960EFDE52A9497430036CEC1 /* MyEduView.swift */; };
		960EFDE82A9497530036CEC1 /* MySkillView.swift in Sources */ = {isa = PBXBuildFile; fileRef = 960EFDE72A9497530036CEC1 /* MySkillView.swift */; };
		960EFDEA2A94A9C40036CEC1 /* ResumeData.swift in Sources */ = {isa = PBXBuildFile; fileRef = 960EFDE92A94A9C40036CEC1 /* ResumeData.swift */; };
		960EFDEC2A94FEAC0036CEC1 /* ResumeStore.swift in Sources */ = {isa = PBXBuildFile; fileRef = 960EFDEB2A94FEAC0036CEC1 /* ResumeStore.swift */; };
		962B7E1B2A95D8F100083790 /* MyWorkMoreView.swift in Sources */ = {isa = PBXBuildFile; fileRef = 962B7E1A2A95D8F100083790 /* MyWorkMoreView.swift */; };
		962B7E1D2A95F04800083790 /* MyProjectMoreView.swift in Sources */ = {isa = PBXBuildFile; fileRef = 962B7E1C2A95F04800083790 /* MyProjectMoreView.swift */; };
		962B7E1F2A95F05700083790 /* MyEduMoreView.swift in Sources */ = {isa = PBXBuildFile; fileRef = 962B7E1E2A95F05700083790 /* MyEduMoreView.swift */; };
		962B7E212A95F06700083790 /* MySkillMoreView.swift in Sources */ = {isa = PBXBuildFile; fileRef = 962B7E202A95F06700083790 /* MySkillMoreView.swift */; };
=======
		4696CA042A95415D0027F3F6 /* StudyMemberSheetView.swift in Sources */ = {isa = PBXBuildFile; fileRef = 4696CA032A95415D0027F3F6 /* StudyMemberSheetView.swift */; };
		46C816AE2A949593003B2944 /* StudyDetailView.swift in Sources */ = {isa = PBXBuildFile; fileRef = 46C816AD2A949593003B2944 /* StudyDetailView.swift */; };
		8421920B2A95E11C007224EE /* StudyGroup.swift in Sources */ = {isa = PBXBuildFile; fileRef = 8421920A2A95E11C007224EE /* StudyGroup.swift */; };
		8421920D2A95E9B4007224EE /* StudyGroupStore.swift in Sources */ = {isa = PBXBuildFile; fileRef = 8421920C2A95E9B4007224EE /* StudyGroupStore.swift */; };
		84298D102A948F3200609CAA /* GoogleService-Info.plist in Resources */ = {isa = PBXBuildFile; fileRef = 84298D0F2A948F3200609CAA /* GoogleService-Info.plist */; };
		84BC2B372A94910900B0E270 /* StudyListView.swift in Sources */ = {isa = PBXBuildFile; fileRef = 84BC2B362A94910900B0E270 /* StudyListView.swift */; };
		84BC2B392A94916A00B0E270 /* StudyListItemView.swift in Sources */ = {isa = PBXBuildFile; fileRef = 84BC2B382A94916A00B0E270 /* StudyListItemView.swift */; };
		84BC2B3B2A94E5E500B0E270 /* SampleModel.swift in Sources */ = {isa = PBXBuildFile; fileRef = 84BC2B3A2A94E5E500B0E270 /* SampleModel.swift */; };
		3AF70F342A951582008E9CAB /* GoogleSignIn in Frameworks */ = {isa = PBXBuildFile; productRef = 3AF70F332A951582008E9CAB /* GoogleSignIn */; };
		3AF70F362A951582008E9CAB /* GoogleSignInSwift in Frameworks */ = {isa = PBXBuildFile; productRef = 3AF70F352A951582008E9CAB /* GoogleSignInSwift */; };
		3AF70F372A9518C1008E9CAB /* AuthViewModel.swift in Sources */ = {isa = PBXBuildFile; fileRef = F485B7542A94584400A2F5FF /* AuthViewModel.swift */; };
		3AF70F3B2A951C2E008E9CAB /* Keys.swift in Sources */ = {isa = PBXBuildFile; fileRef = 3AF70F3A2A951C2E008E9CAB /* Keys.swift */; };
		6433167C2A94EB9D0095987A /* LoginSecondView.swift in Sources */ = {isa = PBXBuildFile; fileRef = 6433167B2A94EB9D0095987A /* LoginSecondView.swift */; };
		9B35B2742A9458E900AD72D7 /* LoginView.swift in Sources */ = {isa = PBXBuildFile; fileRef = 9B35B2732A9458E900AD72D7 /* LoginView.swift */; };
		9B35B2762A94590F00AD72D7 /* FeedTabView.swift in Sources */ = {isa = PBXBuildFile; fileRef = 9B35B2752A94590F00AD72D7 /* FeedTabView.swift */; };
		9B35B2782A94593E00AD72D7 /* FeedView.swift in Sources */ = {isa = PBXBuildFile; fileRef = 9B35B2772A94593E00AD72D7 /* FeedView.swift */; };
		9B35B27A2A94594C00AD72D7 /* SheetView.swift in Sources */ = {isa = PBXBuildFile; fileRef = 9B35B2792A94594C00AD72D7 /* SheetView.swift */; };
		9B35B27C2A94595900AD72D7 /* TitleView.swift in Sources */ = {isa = PBXBuildFile; fileRef = 9B35B27B2A94595900AD72D7 /* TitleView.swift */; };
		9B35B2802A94598400AD72D7 /* IdStore.swift in Sources */ = {isa = PBXBuildFile; fileRef = 9B35B27F2A94598400AD72D7 /* IdStore.swift */; };
		9B35B2822A947C7100AD72D7 /* FollowBtnView.swift in Sources */ = {isa = PBXBuildFile; fileRef = 9B35B2812A947C7100AD72D7 /* FollowBtnView.swift */; };
		9B6B9B2E2A949F15004609AF /* IdData.swift in Sources */ = {isa = PBXBuildFile; fileRef = 9B6B9B2D2A949F15004609AF /* IdData.swift */; };
		9B6B9B302A94A2AA004609AF /* FeedStore.swift in Sources */ = {isa = PBXBuildFile; fileRef = 9B6B9B2F2A94A2AA004609AF /* FeedStore.swift */; };
		9B6B9B322A94A3F2004609AF /* PostCommentStore.swift in Sources */ = {isa = PBXBuildFile; fileRef = 9B6B9B312A94A3F2004609AF /* PostCommentStore.swift */; };
		9B6B9B362A94A746004609AF /* PostData.swift in Sources */ = {isa = PBXBuildFile; fileRef = 9B6B9B352A94A746004609AF /* PostData.swift */; };
>>>>>>> dev
		9E99CCEE2A944A5700699B6A /* project02_teamB_OUR_consumerApp.swift in Sources */ = {isa = PBXBuildFile; fileRef = 9E99CCED2A944A5700699B6A /* project02_teamB_OUR_consumerApp.swift */; };
		9E99CCF02A944A5700699B6A /* ContentView.swift in Sources */ = {isa = PBXBuildFile; fileRef = 9E99CCEF2A944A5700699B6A /* ContentView.swift */; };
		9E99CCF22A944A5A00699B6A /* Assets.xcassets in Resources */ = {isa = PBXBuildFile; fileRef = 9E99CCF12A944A5A00699B6A /* Assets.xcassets */; };
		9E99CCF52A944A5A00699B6A /* Preview Assets.xcassets in Resources */ = {isa = PBXBuildFile; fileRef = 9E99CCF42A944A5A00699B6A /* Preview Assets.xcassets */; };
<<<<<<< HEAD
		A09ED4BB2A9490D200E6A626 /* MyMainView.swift in Sources */ = {isa = PBXBuildFile; fileRef = A09ED4BA2A9490D200E6A626 /* MyMainView.swift */; };
		A09ED4BD2A9494B100E6A626 /* GoogleService-Info.plist in Resources */ = {isa = PBXBuildFile; fileRef = A09ED4BC2A9494B100E6A626 /* GoogleService-Info.plist */; };
		A09ED4BF2A949C2000E6A626 /* MyMainTabBar.swift in Sources */ = {isa = PBXBuildFile; fileRef = A09ED4BE2A949C2000E6A626 /* MyMainTabBar.swift */; };
		A09ED4C12A94C24B00E6A626 /* MyMainProfileEditView.swift in Sources */ = {isa = PBXBuildFile; fileRef = A09ED4C02A94C24B00E6A626 /* MyMainProfileEditView.swift */; };
		A09ED4C42A95BDDC00E6A626 /* ImagePicker.swift in Sources */ = {isa = PBXBuildFile; fileRef = A09ED4C32A95BDDC00E6A626 /* ImagePicker.swift */; };
		A09ED4C62A95D5B200E6A626 /* CameraORImageModalView.swift in Sources */ = {isa = PBXBuildFile; fileRef = A09ED4C52A95D5B100E6A626 /* CameraORImageModalView.swift */; };
		A09ED4C82A95F45900E6A626 /* MyBookMarkView.swift in Sources */ = {isa = PBXBuildFile; fileRef = A09ED4C72A95F45900E6A626 /* MyBookMarkView.swift */; };
		A09ED4CA2A95F62E00E6A626 /* MyBoardView.swift in Sources */ = {isa = PBXBuildFile; fileRef = A09ED4C92A95F62E00E6A626 /* MyBoardView.swift */; };
		A09ED4CC2A95F63700E6A626 /* MyStudyView.swift in Sources */ = {isa = PBXBuildFile; fileRef = A09ED4CB2A95F63700E6A626 /* MyStudyView.swift */; };
=======
		A0BCB8DE2A94917F00A47841 /* StudyReplyView.swift in Sources */ = {isa = PBXBuildFile; fileRef = A0BCB8DD2A94917F00A47841 /* StudyReplyView.swift */; };
		A0BCB8E02A9495BF00A47841 /* LocationSheetView.swift in Sources */ = {isa = PBXBuildFile; fileRef = A0BCB8DF2A9495BF00A47841 /* LocationSheetView.swift */; };
		A0BCB8E22A949A8E00A47841 /* StudyReplyDetailView.swift in Sources */ = {isa = PBXBuildFile; fileRef = A0BCB8E12A949A8E00A47841 /* StudyReplyDetailView.swift */; };
		A0CE323D2A952C110019300F /* StudyCommentReportView.swift in Sources */ = {isa = PBXBuildFile; fileRef = A0CE323C2A952C110019300F /* StudyCommentReportView.swift */; };
		D809DFDA2A95C0AB006BBC5A /* GoogleService-Info.plist in Resources */ = {isa = PBXBuildFile; fileRef = D809DFD92A95C0AA006BBC5A /* GoogleService-Info.plist */; };
>>>>>>> dev
		F485B74D2A94574200A2F5FF /* FirebaseAuth in Frameworks */ = {isa = PBXBuildFile; productRef = F485B74C2A94574200A2F5FF /* FirebaseAuth */; };
		F485B74F2A94574200A2F5FF /* FirebaseFirestore in Frameworks */ = {isa = PBXBuildFile; productRef = F485B74E2A94574200A2F5FF /* FirebaseFirestore */; };
		F485B7512A94574200A2F5FF /* FirebaseFirestoreCombine-Community in Frameworks */ = {isa = PBXBuildFile; productRef = F485B7502A94574200A2F5FF /* FirebaseFirestoreCombine-Community */; };
		F485B7532A94574200A2F5FF /* FirebaseFirestoreSwift in Frameworks */ = {isa = PBXBuildFile; productRef = F485B7522A94574200A2F5FF /* FirebaseFirestoreSwift */; };
		F485B7552A94584400A2F5FF /* AuthViewModel.swift in Sources */ = {isa = PBXBuildFile; fileRef = F485B7542A94584400A2F5FF /* AuthViewModel.swift */; };
		FAA6FC222A949FF2005E31DC /* Extension.swift in Sources */ = {isa = PBXBuildFile; fileRef = FAA6FC212A949FF2005E31DC /* Extension.swift */; };
/* End PBXBuildFile section */

/* Begin PBXFileReference section */
<<<<<<< HEAD
		118AA9682A95099F006946C3 /* MyEduEditView.swift */ = {isa = PBXFileReference; fileEncoding = 4; lastKnownFileType = sourcecode.swift; path = MyEduEditView.swift; sourceTree = "<group>"; };
		118AA9692A95099F006946C3 /* SettingView.swift */ = {isa = PBXFileReference; fileEncoding = 4; lastKnownFileType = sourcecode.swift; path = SettingView.swift; sourceTree = "<group>"; };
		118AA96A2A95099F006946C3 /* MyProjectEditView.swift */ = {isa = PBXFileReference; fileEncoding = 4; lastKnownFileType = sourcecode.swift; path = MyProjectEditView.swift; sourceTree = "<group>"; };
		118AA96B2A95099F006946C3 /* MySkillEditView.swift */ = {isa = PBXFileReference; fileEncoding = 4; lastKnownFileType = sourcecode.swift; path = MySkillEditView.swift; sourceTree = "<group>"; };
		118AA96C2A95099F006946C3 /* MyWorkEditView.swift */ = {isa = PBXFileReference; fileEncoding = 4; lastKnownFileType = sourcecode.swift; path = MyWorkEditView.swift; sourceTree = "<group>"; };
		118AA9722A95A24E006946C3 /* MyIntroEditView.swift */ = {isa = PBXFileReference; lastKnownFileType = sourcecode.swift; path = MyIntroEditView.swift; sourceTree = "<group>"; };
		960EFDDA2A9491970036CEC1 /* MyResumeView.swift */ = {isa = PBXFileReference; lastKnownFileType = sourcecode.swift; path = MyResumeView.swift; sourceTree = "<group>"; };
		960EFDDF2A9497040036CEC1 /* MyIntroView.swift */ = {isa = PBXFileReference; lastKnownFileType = sourcecode.swift; path = MyIntroView.swift; sourceTree = "<group>"; };
		960EFDE12A94971D0036CEC1 /* MyWorkView.swift */ = {isa = PBXFileReference; lastKnownFileType = sourcecode.swift; path = MyWorkView.swift; sourceTree = "<group>"; };
		960EFDE32A9497330036CEC1 /* MyProjectView.swift */ = {isa = PBXFileReference; lastKnownFileType = sourcecode.swift; path = MyProjectView.swift; sourceTree = "<group>"; };
		960EFDE52A9497430036CEC1 /* MyEduView.swift */ = {isa = PBXFileReference; lastKnownFileType = sourcecode.swift; path = MyEduView.swift; sourceTree = "<group>"; };
		960EFDE72A9497530036CEC1 /* MySkillView.swift */ = {isa = PBXFileReference; lastKnownFileType = sourcecode.swift; path = MySkillView.swift; sourceTree = "<group>"; };
		960EFDE92A94A9C40036CEC1 /* ResumeData.swift */ = {isa = PBXFileReference; lastKnownFileType = sourcecode.swift; path = ResumeData.swift; sourceTree = "<group>"; };
		960EFDEB2A94FEAC0036CEC1 /* ResumeStore.swift */ = {isa = PBXFileReference; lastKnownFileType = sourcecode.swift; path = ResumeStore.swift; sourceTree = "<group>"; };
		962B7E1A2A95D8F100083790 /* MyWorkMoreView.swift */ = {isa = PBXFileReference; lastKnownFileType = sourcecode.swift; path = MyWorkMoreView.swift; sourceTree = "<group>"; };
		962B7E1C2A95F04800083790 /* MyProjectMoreView.swift */ = {isa = PBXFileReference; lastKnownFileType = sourcecode.swift; path = MyProjectMoreView.swift; sourceTree = "<group>"; };
		962B7E1E2A95F05700083790 /* MyEduMoreView.swift */ = {isa = PBXFileReference; lastKnownFileType = sourcecode.swift; path = MyEduMoreView.swift; sourceTree = "<group>"; };
		962B7E202A95F06700083790 /* MySkillMoreView.swift */ = {isa = PBXFileReference; lastKnownFileType = sourcecode.swift; path = MySkillMoreView.swift; sourceTree = "<group>"; };
=======
		4696CA032A95415D0027F3F6 /* StudyMemberSheetView.swift */ = {isa = PBXFileReference; lastKnownFileType = sourcecode.swift; path = StudyMemberSheetView.swift; sourceTree = "<group>"; };
		46C816AD2A949593003B2944 /* StudyDetailView.swift */ = {isa = PBXFileReference; lastKnownFileType = sourcecode.swift; path = StudyDetailView.swift; sourceTree = "<group>"; };
		8421920A2A95E11C007224EE /* StudyGroup.swift */ = {isa = PBXFileReference; lastKnownFileType = sourcecode.swift; path = StudyGroup.swift; sourceTree = "<group>"; };
		8421920C2A95E9B4007224EE /* StudyGroupStore.swift */ = {isa = PBXFileReference; lastKnownFileType = sourcecode.swift; path = StudyGroupStore.swift; sourceTree = "<group>"; };
		84298D0F2A948F3200609CAA /* GoogleService-Info.plist */ = {isa = PBXFileReference; fileEncoding = 4; lastKnownFileType = text.plist.xml; path = "GoogleService-Info.plist"; sourceTree = "<group>"; };
		84BC2B362A94910900B0E270 /* StudyListView.swift */ = {isa = PBXFileReference; lastKnownFileType = sourcecode.swift; path = StudyListView.swift; sourceTree = "<group>"; };
		84BC2B382A94916A00B0E270 /* StudyListItemView.swift */ = {isa = PBXFileReference; lastKnownFileType = sourcecode.swift; path = StudyListItemView.swift; sourceTree = "<group>"; };
		84BC2B3A2A94E5E500B0E270 /* SampleModel.swift */ = {isa = PBXFileReference; lastKnownFileType = sourcecode.swift; path = SampleModel.swift; sourceTree = "<group>"; };
		3AF70F382A95199B008E9CAB /* Info.plist */ = {isa = PBXFileReference; lastKnownFileType = text.plist; path = Info.plist; sourceTree = "<group>"; };
		3AF70F3A2A951C2E008E9CAB /* Keys.swift */ = {isa = PBXFileReference; lastKnownFileType = sourcecode.swift; path = Keys.swift; sourceTree = "<group>"; };
		6433167B2A94EB9D0095987A /* LoginSecondView.swift */ = {isa = PBXFileReference; lastKnownFileType = sourcecode.swift; path = LoginSecondView.swift; sourceTree = "<group>"; };
		9B35B2732A9458E900AD72D7 /* LoginView.swift */ = {isa = PBXFileReference; lastKnownFileType = sourcecode.swift; path = LoginView.swift; sourceTree = "<group>"; };
		9B35B2752A94590F00AD72D7 /* FeedTabView.swift */ = {isa = PBXFileReference; lastKnownFileType = sourcecode.swift; path = FeedTabView.swift; sourceTree = "<group>"; };
		9B35B2772A94593E00AD72D7 /* FeedView.swift */ = {isa = PBXFileReference; lastKnownFileType = sourcecode.swift; path = FeedView.swift; sourceTree = "<group>"; };
		9B35B2792A94594C00AD72D7 /* SheetView.swift */ = {isa = PBXFileReference; lastKnownFileType = sourcecode.swift; path = SheetView.swift; sourceTree = "<group>"; };
		9B35B27B2A94595900AD72D7 /* TitleView.swift */ = {isa = PBXFileReference; lastKnownFileType = sourcecode.swift; path = TitleView.swift; sourceTree = "<group>"; };
		9B35B27F2A94598400AD72D7 /* IdStore.swift */ = {isa = PBXFileReference; lastKnownFileType = sourcecode.swift; path = IdStore.swift; sourceTree = "<group>"; };
		9B35B2812A947C7100AD72D7 /* FollowBtnView.swift */ = {isa = PBXFileReference; lastKnownFileType = sourcecode.swift; path = FollowBtnView.swift; sourceTree = "<group>"; };
		9B6B9B2D2A949F15004609AF /* IdData.swift */ = {isa = PBXFileReference; lastKnownFileType = sourcecode.swift; path = IdData.swift; sourceTree = "<group>"; };
		9B6B9B2F2A94A2AA004609AF /* FeedStore.swift */ = {isa = PBXFileReference; lastKnownFileType = sourcecode.swift; path = FeedStore.swift; sourceTree = "<group>"; };
		9B6B9B312A94A3F2004609AF /* PostCommentStore.swift */ = {isa = PBXFileReference; lastKnownFileType = sourcecode.swift; path = PostCommentStore.swift; sourceTree = "<group>"; };
		9B6B9B352A94A746004609AF /* PostData.swift */ = {isa = PBXFileReference; lastKnownFileType = sourcecode.swift; path = PostData.swift; sourceTree = "<group>"; };
>>>>>>> dev
		9E99CCEA2A944A5700699B6A /* project02-teamB-OUR-consumer.app */ = {isa = PBXFileReference; explicitFileType = wrapper.application; includeInIndex = 0; path = "project02-teamB-OUR-consumer.app"; sourceTree = BUILT_PRODUCTS_DIR; };
		9E99CCED2A944A5700699B6A /* project02_teamB_OUR_consumerApp.swift */ = {isa = PBXFileReference; lastKnownFileType = sourcecode.swift; path = project02_teamB_OUR_consumerApp.swift; sourceTree = "<group>"; };
		9E99CCEF2A944A5700699B6A /* ContentView.swift */ = {isa = PBXFileReference; lastKnownFileType = sourcecode.swift; path = ContentView.swift; sourceTree = "<group>"; };
		9E99CCF12A944A5A00699B6A /* Assets.xcassets */ = {isa = PBXFileReference; lastKnownFileType = folder.assetcatalog; path = Assets.xcassets; sourceTree = "<group>"; };
		9E99CCF42A944A5A00699B6A /* Preview Assets.xcassets */ = {isa = PBXFileReference; lastKnownFileType = folder.assetcatalog; path = "Preview Assets.xcassets"; sourceTree = "<group>"; };
<<<<<<< HEAD
		A09ED4BA2A9490D200E6A626 /* MyMainView.swift */ = {isa = PBXFileReference; lastKnownFileType = sourcecode.swift; path = MyMainView.swift; sourceTree = "<group>"; };
		A09ED4BC2A9494B100E6A626 /* GoogleService-Info.plist */ = {isa = PBXFileReference; fileEncoding = 4; lastKnownFileType = text.plist.xml; path = "GoogleService-Info.plist"; sourceTree = "<group>"; };
		A09ED4BE2A949C2000E6A626 /* MyMainTabBar.swift */ = {isa = PBXFileReference; lastKnownFileType = sourcecode.swift; path = MyMainTabBar.swift; sourceTree = "<group>"; };
		A09ED4C02A94C24B00E6A626 /* MyMainProfileEditView.swift */ = {isa = PBXFileReference; lastKnownFileType = sourcecode.swift; path = MyMainProfileEditView.swift; sourceTree = "<group>"; };
		A09ED4C32A95BDDC00E6A626 /* ImagePicker.swift */ = {isa = PBXFileReference; lastKnownFileType = sourcecode.swift; path = ImagePicker.swift; sourceTree = "<group>"; };
		A09ED4C52A95D5B100E6A626 /* CameraORImageModalView.swift */ = {isa = PBXFileReference; lastKnownFileType = sourcecode.swift; path = CameraORImageModalView.swift; sourceTree = "<group>"; };
		A09ED4C72A95F45900E6A626 /* MyBookMarkView.swift */ = {isa = PBXFileReference; lastKnownFileType = sourcecode.swift; path = MyBookMarkView.swift; sourceTree = "<group>"; };
		A09ED4C92A95F62E00E6A626 /* MyBoardView.swift */ = {isa = PBXFileReference; lastKnownFileType = sourcecode.swift; path = MyBoardView.swift; sourceTree = "<group>"; };
		A09ED4CB2A95F63700E6A626 /* MyStudyView.swift */ = {isa = PBXFileReference; lastKnownFileType = sourcecode.swift; path = MyStudyView.swift; sourceTree = "<group>"; };
=======
		A0BCB8DD2A94917F00A47841 /* StudyReplyView.swift */ = {isa = PBXFileReference; lastKnownFileType = sourcecode.swift; path = StudyReplyView.swift; sourceTree = "<group>"; };
		A0BCB8DF2A9495BF00A47841 /* LocationSheetView.swift */ = {isa = PBXFileReference; lastKnownFileType = sourcecode.swift; path = LocationSheetView.swift; sourceTree = "<group>"; };
		A0BCB8E12A949A8E00A47841 /* StudyReplyDetailView.swift */ = {isa = PBXFileReference; lastKnownFileType = sourcecode.swift; path = StudyReplyDetailView.swift; sourceTree = "<group>"; };
		A0CE323C2A952C110019300F /* StudyCommentReportView.swift */ = {isa = PBXFileReference; lastKnownFileType = sourcecode.swift; path = StudyCommentReportView.swift; sourceTree = "<group>"; };
		D809DFD92A95C0AA006BBC5A /* GoogleService-Info.plist */ = {isa = PBXFileReference; fileEncoding = 4; lastKnownFileType = text.plist.xml; path = "GoogleService-Info.plist"; sourceTree = "<group>"; };
>>>>>>> dev
		F485B7542A94584400A2F5FF /* AuthViewModel.swift */ = {isa = PBXFileReference; lastKnownFileType = sourcecode.swift; path = AuthViewModel.swift; sourceTree = "<group>"; };
		FAA6FC212A949FF2005E31DC /* Extension.swift */ = {isa = PBXFileReference; lastKnownFileType = sourcecode.swift; path = Extension.swift; sourceTree = "<group>"; };
/* End PBXFileReference section */

/* Begin PBXFrameworksBuildPhase section */
		9E99CCE72A944A5700699B6A /* Frameworks */ = {
			isa = PBXFrameworksBuildPhase;
			buildActionMask = 2147483647;
			files = (
				3AF70F342A951582008E9CAB /* GoogleSignIn in Frameworks */,
				F485B7512A94574200A2F5FF /* FirebaseFirestoreCombine-Community in Frameworks */,
				F485B74D2A94574200A2F5FF /* FirebaseAuth in Frameworks */,
				3AF70F362A951582008E9CAB /* GoogleSignInSwift in Frameworks */,
				F485B74F2A94574200A2F5FF /* FirebaseFirestore in Frameworks */,
				F485B7532A94574200A2F5FF /* FirebaseFirestoreSwift in Frameworks */,
			);
			runOnlyForDeploymentPostprocessing = 0;
		};
/* End PBXFrameworksBuildPhase section */

/* Begin PBXGroup section */
<<<<<<< HEAD
		960EFDDC2A9491B20036CEC1 /* MyPageView */ = {
			isa = PBXGroup;
			children = (
				962B7E192A95901600083790 /* MyPageViewModel */,
				A09ED4BA2A9490D200E6A626 /* MyMainView.swift */,
				A09ED4C72A95F45900E6A626 /* MyBookMarkView.swift */,
				A09ED4C32A95BDDC00E6A626 /* ImagePicker.swift */,
				A09ED4C02A94C24B00E6A626 /* MyMainProfileEditView.swift */,
				A09ED4C52A95D5B100E6A626 /* CameraORImageModalView.swift */,
				A09ED4BE2A949C2000E6A626 /* MyMainTabBar.swift */,
				960EFDDA2A9491970036CEC1 /* MyResumeView.swift */,
				960EFDDF2A9497040036CEC1 /* MyIntroView.swift */,
				118AA9722A95A24E006946C3 /* MyIntroEditView.swift */,
				960EFDE12A94971D0036CEC1 /* MyWorkView.swift */,
				962B7E1A2A95D8F100083790 /* MyWorkMoreView.swift */,
				118AA96C2A95099F006946C3 /* MyWorkEditView.swift */,
				960EFDE32A9497330036CEC1 /* MyProjectView.swift */,
				962B7E1C2A95F04800083790 /* MyProjectMoreView.swift */,
				118AA96A2A95099F006946C3 /* MyProjectEditView.swift */,
				960EFDE52A9497430036CEC1 /* MyEduView.swift */,
				962B7E1E2A95F05700083790 /* MyEduMoreView.swift */,
				118AA9682A95099F006946C3 /* MyEduEditView.swift */,
				960EFDE72A9497530036CEC1 /* MySkillView.swift */,
				962B7E202A95F06700083790 /* MySkillMoreView.swift */,
				118AA96B2A95099F006946C3 /* MySkillEditView.swift */,
				A09ED4C92A95F62E00E6A626 /* MyBoardView.swift */,
				A09ED4CB2A95F63700E6A626 /* MyStudyView.swift */,
				118AA9692A95099F006946C3 /* SettingView.swift */,
			);
			path = MyPageView;
			sourceTree = "<group>";
		};
		962B7E192A95901600083790 /* MyPageViewModel */ = {
			isa = PBXGroup;
			children = (
				960EFDE92A94A9C40036CEC1 /* ResumeData.swift */,
				960EFDEB2A94FEAC0036CEC1 /* ResumeStore.swift */,
			);
			path = MyPageViewModel;
=======
		842192092A95DB3C007224EE /* Views */ = {
			isa = PBXGroup;
			children = (
				84BC2B362A94910900B0E270 /* StudyListView.swift */,
				84BC2B382A94916A00B0E270 /* StudyListItemView.swift */,
				46C816AD2A949593003B2944 /* StudyDetailView.swift */,
				4696CA032A95415D0027F3F6 /* StudyMemberSheetView.swift */,
				A0BCB8DD2A94917F00A47841 /* StudyReplyView.swift */,
				A0BCB8E12A949A8E00A47841 /* StudyReplyDetailView.swift */,
				A0CE323C2A952C110019300F /* StudyCommentReportView.swift */,
				A0BCB8DF2A9495BF00A47841 /* LocationSheetView.swift */,
				84BC2B3A2A94E5E500B0E270 /* SampleModel.swift */,
			);
			path = Views;
		3AF70F392A951C1D008E9CAB /* Key */ = {
			isa = PBXGroup;
			children = (
				3AF70F3A2A951C2E008E9CAB /* Keys.swift */,
			);
			path = Key;
			sourceTree = "<group>";
		};
		9B35B2692A94576100AD72D7 /* View */ = {
			isa = PBXGroup;
			children = (
				9B35B2752A94590F00AD72D7 /* FeedTabView.swift */,
				9B35B2772A94593E00AD72D7 /* FeedView.swift */,
				9B35B2792A94594C00AD72D7 /* SheetView.swift */,
				9B35B2812A947C7100AD72D7 /* FollowBtnView.swift */,
				9B35B2732A9458E900AD72D7 /* LoginView.swift */,
				6433167B2A94EB9D0095987A /* LoginSecondView.swift */,
				9B35B27B2A94595900AD72D7 /* TitleView.swift */,
			);
			path = View;
			sourceTree = "<group>";
		};
		9B35B26A2A94576600AD72D7 /* Data */ = {
			isa = PBXGroup;
			children = (
				9B6B9B2D2A949F15004609AF /* IdData.swift */,
				9B6B9B352A94A746004609AF /* PostData.swift */,
			);
			path = Data;
			sourceTree = "<group>";
		};
		9B6B9B2C2A949ED9004609AF /* Model */ = {
			isa = PBXGroup;
			children = (
				9B35B27F2A94598400AD72D7 /* IdStore.swift */,
				9B6B9B2F2A94A2AA004609AF /* FeedStore.swift */,
				9B6B9B312A94A3F2004609AF /* PostCommentStore.swift */,
			);
			path = Model;
>>>>>>> dev
			sourceTree = "<group>";
		};
		9E99CCE12A944A5700699B6A = {
			isa = PBXGroup;
			children = (
				9E99CCEC2A944A5700699B6A /* project02-teamB-OUR-consumer */,
				9E99CCEB2A944A5700699B6A /* Products */,
			);
			sourceTree = "<group>";
		};
		9E99CCEB2A944A5700699B6A /* Products */ = {
			isa = PBXGroup;
			children = (
				9E99CCEA2A944A5700699B6A /* project02-teamB-OUR-consumer.app */,
			);
			name = Products;
			sourceTree = "<group>";
		};
		9E99CCEC2A944A5700699B6A /* project02-teamB-OUR-consumer */ = {
			isa = PBXGroup;
			children = (
				9E99CCED2A944A5700699B6A /* project02_teamB_OUR_consumerApp.swift */,
				842192092A95DB3C007224EE /* Views */,
				D809DFD92A95C0AA006BBC5A /* GoogleService-Info.plist */,
				3AF70F392A951C1D008E9CAB /* Key */,
				3AF70F382A95199B008E9CAB /* Info.plist */,
				9E99CCED2A944A5700699B6A /* project02_teamB_OUR_consumerApp.swift */,
				9E99CCEF2A944A5700699B6A /* ContentView.swift */,
				960EFDDC2A9491B20036CEC1 /* MyPageView */,
				A09ED4BC2A9494B100E6A626 /* GoogleService-Info.plist */,
				FAA6FC212A949FF2005E31DC /* Extension.swift */,
				F485B7562A94584800A2F5FF /* ViewModel */,
				9B35B2692A94576100AD72D7 /* View */,
				9B35B26A2A94576600AD72D7 /* Data */,
				9E99CCF12A944A5A00699B6A /* Assets.xcassets */,
<<<<<<< HEAD
=======
				9B6B9B2C2A949ED9004609AF /* Model */,
>>>>>>> dev
				9E99CCF32A944A5A00699B6A /* Preview Content */,
			);
			path = "project02-teamB-OUR-consumer";
			sourceTree = "<group>";
		};
		9E99CCF32A944A5A00699B6A /* Preview Content */ = {
			isa = PBXGroup;
			children = (
				9E99CCF42A944A5A00699B6A /* Preview Assets.xcassets */,
			);
			path = "Preview Content";
			sourceTree = "<group>";
		};
		F485B7562A94584800A2F5FF /* ViewModel */ = {
			isa = PBXGroup;
			children = (
				F485B7542A94584400A2F5FF /* AuthViewModel.swift */,
				8421920A2A95E11C007224EE /* StudyGroup.swift */,
				8421920C2A95E9B4007224EE /* StudyGroupStore.swift */,
			);
			path = ViewModel;
			sourceTree = "<group>";
		};
/* End PBXGroup section */

/* Begin PBXNativeTarget section */
		9E99CCE92A944A5700699B6A /* project02-teamB-OUR-consumer */ = {
			isa = PBXNativeTarget;
			buildConfigurationList = 9E99CCF82A944A5A00699B6A /* Build configuration list for PBXNativeTarget "project02-teamB-OUR-consumer" */;
			buildPhases = (
				9E99CCE62A944A5700699B6A /* Sources */,
				9E99CCE72A944A5700699B6A /* Frameworks */,
				9E99CCE82A944A5700699B6A /* Resources */,
			);
			buildRules = (
			);
			dependencies = (
			);
			name = "project02-teamB-OUR-consumer";
			packageProductDependencies = (
				F485B74C2A94574200A2F5FF /* FirebaseAuth */,
				F485B74E2A94574200A2F5FF /* FirebaseFirestore */,
				F485B7502A94574200A2F5FF /* FirebaseFirestoreCombine-Community */,
				F485B7522A94574200A2F5FF /* FirebaseFirestoreSwift */,
				3AF70F332A951582008E9CAB /* GoogleSignIn */,
				3AF70F352A951582008E9CAB /* GoogleSignInSwift */,
			);
			productName = "project02-teamB-OUR-consumer";
			productReference = 9E99CCEA2A944A5700699B6A /* project02-teamB-OUR-consumer.app */;
			productType = "com.apple.product-type.application";
		};
/* End PBXNativeTarget section */

/* Begin PBXProject section */
		9E99CCE22A944A5700699B6A /* Project object */ = {
			isa = PBXProject;
			attributes = {
				BuildIndependentTargetsInParallel = 1;
				LastSwiftUpdateCheck = 1500;
				LastUpgradeCheck = 1500;
				TargetAttributes = {
					9E99CCE92A944A5700699B6A = {
						CreatedOnToolsVersion = 15.0;
					};
				};
			};
			buildConfigurationList = 9E99CCE52A944A5700699B6A /* Build configuration list for PBXProject "project02-teamB-OUR-consumer" */;
			compatibilityVersion = "Xcode 14.0";
			developmentRegion = en;
			hasScannedForEncodings = 0;
			knownRegions = (
				en,
				Base,
			);
			mainGroup = 9E99CCE12A944A5700699B6A;
			packageReferences = (
				F485B74B2A94574200A2F5FF /* XCRemoteSwiftPackageReference "firebase-ios-sdk" */,
				3AF70F322A951582008E9CAB /* XCRemoteSwiftPackageReference "GoogleSignIn-iOS" */,
			);
			productRefGroup = 9E99CCEB2A944A5700699B6A /* Products */;
			projectDirPath = "";
			projectRoot = "";
			targets = (
				9E99CCE92A944A5700699B6A /* project02-teamB-OUR-consumer */,
			);
		};
/* End PBXProject section */

/* Begin PBXResourcesBuildPhase section */
		9E99CCE82A944A5700699B6A /* Resources */ = {
			isa = PBXResourcesBuildPhase;
			buildActionMask = 2147483647;
			files = (
				9E99CCF52A944A5A00699B6A /* Preview Assets.xcassets in Resources */,
				9E99CCF22A944A5A00699B6A /* Assets.xcassets in Resources */,
<<<<<<< HEAD
				A09ED4BD2A9494B100E6A626 /* GoogleService-Info.plist in Resources */,
=======
				D809DFDA2A95C0AB006BBC5A /* GoogleService-Info.plist in Resources */,
>>>>>>> dev
			);
			runOnlyForDeploymentPostprocessing = 0;
		};
/* End PBXResourcesBuildPhase section */

/* Begin PBXSourcesBuildPhase section */
		9E99CCE62A944A5700699B6A /* Sources */ = {
			isa = PBXSourcesBuildPhase;
			buildActionMask = 2147483647;
			files = (
<<<<<<< HEAD
				960EFDDB2A9491980036CEC1 /* MyResumeView.swift in Sources */,
				A09ED4C42A95BDDC00E6A626 /* ImagePicker.swift in Sources */,
                118AA9732A95A24E006946C3 /* MyIntroEditView.swift in Sources */,
				960EFDE02A9497040036CEC1 /* MyIntroView.swift in Sources */,
				960EFDE42A9497330036CEC1 /* MyProjectView.swift in Sources */,
				A09ED4C62A95D5B200E6A626 /* CameraORImageModalView.swift in Sources */,
				960EFDEA2A94A9C40036CEC1 /* ResumeData.swift in Sources */,
				9E99CCF02A944A5700699B6A /* ContentView.swift in Sources */,
				960EFDE82A9497530036CEC1 /* MySkillView.swift in Sources */,
				960EFDEC2A94FEAC0036CEC1 /* ResumeStore.swift in Sources */,
				9E99CCEE2A944A5700699B6A /* project02_teamB_OUR_consumerApp.swift in Sources */,
				A09ED4CC2A95F63700E6A626 /* MyStudyView.swift in Sources */,
				960EFDE62A9497430036CEC1 /* MyEduView.swift in Sources */,
				962B7E1B2A95D8F100083790 /* MyWorkMoreView.swift in Sources */,
				960EFDE22A94971D0036CEC1 /* MyWorkView.swift in Sources */,
				118AA96D2A95099F006946C3 /* MyEduEditView.swift in Sources */,
				9E99CCEE2A944A5700699B6A /* project02_teamB_OUR_consumerApp.swift in Sources */,
				962B7E1F2A95F05700083790 /* MyEduMoreView.swift in Sources */,
				A09ED4BB2A9490D200E6A626 /* MyMainView.swift in Sources */,
				A09ED4C12A94C24B00E6A626 /* MyMainProfileEditView.swift in Sources */,
=======
				3AF70F372A9518C1008E9CAB /* AuthViewModel.swift in Sources */,
				3AF70F3B2A951C2E008E9CAB /* Keys.swift in Sources */,
				6433167C2A94EB9D0095987A /* LoginSecondView.swift in Sources */,
				9B35B2782A94593E00AD72D7 /* FeedView.swift in Sources */,
				9E99CCF02A944A5700699B6A /* ContentView.swift in Sources */,
				A0BCB8E02A9495BF00A47841 /* LocationSheetView.swift in Sources */,
				A0CE323D2A952C110019300F /* StudyCommentReportView.swift in Sources */,
				A0BCB8E22A949A8E00A47841 /* StudyReplyDetailView.swift in Sources */,
				84BC2B3B2A94E5E500B0E270 /* SampleModel.swift in Sources */,
				8421920D2A95E9B4007224EE /* StudyGroupStore.swift in Sources */,
				84BC2B392A94916A00B0E270 /* StudyListItemView.swift in Sources */,
				9E99CCEE2A944A5700699B6A /* project02_teamB_OUR_consumerApp.swift in Sources */,
				8421920B2A95E11C007224EE /* StudyGroup.swift in Sources */,
				84BC2B372A94910900B0E270 /* StudyListView.swift in Sources */,
				46C816AE2A949593003B2944 /* StudyDetailView.swift in Sources */,
				4696CA042A95415D0027F3F6 /* StudyMemberSheetView.swift in Sources */,
				A0BCB8DE2A94917F00A47841 /* StudyReplyView.swift in Sources */,
				9B35B2802A94598400AD72D7 /* IdStore.swift in Sources */,
				9B6B9B302A94A2AA004609AF /* FeedStore.swift in Sources */,
				9B35B2822A947C7100AD72D7 /* FollowBtnView.swift in Sources */,
				9E99CCEE2A944A5700699B6A /* project02_teamB_OUR_consumerApp.swift in Sources */,
				9B6B9B322A94A3F2004609AF /* PostCommentStore.swift in Sources */,
				9B6B9B2E2A949F15004609AF /* IdData.swift in Sources */,
				9B6B9B362A94A746004609AF /* PostData.swift in Sources */,
				9B35B2762A94590F00AD72D7 /* FeedTabView.swift in Sources */,
				9B35B27C2A94595900AD72D7 /* TitleView.swift in Sources */,
				9B35B2742A9458E900AD72D7 /* LoginView.swift in Sources */,
				9B35B27A2A94594C00AD72D7 /* SheetView.swift in Sources */,
>>>>>>> dev
				F485B7552A94584400A2F5FF /* AuthViewModel.swift in Sources */,
				962B7E212A95F06700083790 /* MySkillMoreView.swift in Sources */,
				A09ED4BF2A949C2000E6A626 /* MyMainTabBar.swift in Sources */,
				118AA96E2A95099F006946C3 /* SettingView.swift in Sources */,
				F485B7552A94584400A2F5FF /* AuthViewModel.swift in Sources */,
				118AA96F2A95099F006946C3 /* MyProjectEditView.swift in Sources */,
				A09ED4CA2A95F62E00E6A626 /* MyBoardView.swift in Sources */,
				118AA9702A95099F006946C3 /* MySkillEditView.swift in Sources */,
				962B7E1D2A95F04800083790 /* MyProjectMoreView.swift in Sources */,
				118AA9712A95099F006946C3 /* MyWorkEditView.swift in Sources */,
				FAA6FC222A949FF2005E31DC /* Extension.swift in Sources */,
				A09ED4C82A95F45900E6A626 /* MyBookMarkView.swift in Sources */,
			);
			runOnlyForDeploymentPostprocessing = 0;
		};
/* End PBXSourcesBuildPhase section */

/* Begin XCBuildConfiguration section */
		9E99CCF62A944A5A00699B6A /* Debug */ = {
			isa = XCBuildConfiguration;
			buildSettings = {
				ALWAYS_SEARCH_USER_PATHS = NO;
				ASSETCATALOG_COMPILER_GENERATE_SWIFT_ASSET_SYMBOL_EXTENSIONS = YES;
				CLANG_ANALYZER_NONNULL = YES;
				CLANG_ANALYZER_NUMBER_OBJECT_CONVERSION = YES_AGGRESSIVE;
				CLANG_CXX_LANGUAGE_STANDARD = "gnu++20";
				CLANG_ENABLE_MODULES = YES;
				CLANG_ENABLE_OBJC_ARC = YES;
				CLANG_ENABLE_OBJC_WEAK = YES;
				CLANG_WARN_BLOCK_CAPTURE_AUTORELEASING = YES;
				CLANG_WARN_BOOL_CONVERSION = YES;
				CLANG_WARN_COMMA = YES;
				CLANG_WARN_CONSTANT_CONVERSION = YES;
				CLANG_WARN_DEPRECATED_OBJC_IMPLEMENTATIONS = YES;
				CLANG_WARN_DIRECT_OBJC_ISA_USAGE = YES_ERROR;
				CLANG_WARN_DOCUMENTATION_COMMENTS = YES;
				CLANG_WARN_EMPTY_BODY = YES;
				CLANG_WARN_ENUM_CONVERSION = YES;
				CLANG_WARN_INFINITE_RECURSION = YES;
				CLANG_WARN_INT_CONVERSION = YES;
				CLANG_WARN_NON_LITERAL_NULL_CONVERSION = YES;
				CLANG_WARN_OBJC_IMPLICIT_RETAIN_SELF = YES;
				CLANG_WARN_OBJC_LITERAL_CONVERSION = YES;
				CLANG_WARN_OBJC_ROOT_CLASS = YES_ERROR;
				CLANG_WARN_QUOTED_INCLUDE_IN_FRAMEWORK_HEADER = YES;
				CLANG_WARN_RANGE_LOOP_ANALYSIS = YES;
				CLANG_WARN_STRICT_PROTOTYPES = YES;
				CLANG_WARN_SUSPICIOUS_MOVE = YES;
				CLANG_WARN_UNGUARDED_AVAILABILITY = YES_AGGRESSIVE;
				CLANG_WARN_UNREACHABLE_CODE = YES;
				CLANG_WARN__DUPLICATE_METHOD_MATCH = YES;
				COPY_PHASE_STRIP = NO;
				DEBUG_INFORMATION_FORMAT = dwarf;
				ENABLE_STRICT_OBJC_MSGSEND = YES;
				ENABLE_TESTABILITY = YES;
				ENABLE_USER_SCRIPT_SANDBOXING = YES;
				GCC_C_LANGUAGE_STANDARD = gnu17;
				GCC_DYNAMIC_NO_PIC = NO;
				GCC_NO_COMMON_BLOCKS = YES;
				GCC_OPTIMIZATION_LEVEL = 0;
				GCC_PREPROCESSOR_DEFINITIONS = (
					"DEBUG=1",
					"$(inherited)",
				);
				GCC_WARN_64_TO_32_BIT_CONVERSION = YES;
				GCC_WARN_ABOUT_RETURN_TYPE = YES_ERROR;
				GCC_WARN_UNDECLARED_SELECTOR = YES;
				GCC_WARN_UNINITIALIZED_AUTOS = YES_AGGRESSIVE;
				GCC_WARN_UNUSED_FUNCTION = YES;
				GCC_WARN_UNUSED_VARIABLE = YES;
				IPHONEOS_DEPLOYMENT_TARGET = 16.4;
				LOCALIZATION_PREFERS_STRING_CATALOGS = YES;
				MTL_ENABLE_DEBUG_INFO = INCLUDE_SOURCE;
				MTL_FAST_MATH = YES;
				ONLY_ACTIVE_ARCH = YES;
				SDKROOT = iphoneos;
				SWIFT_ACTIVE_COMPILATION_CONDITIONS = "DEBUG $(inherited)";
				SWIFT_OPTIMIZATION_LEVEL = "-Onone";
			};
			name = Debug;
		};
		9E99CCF72A944A5A00699B6A /* Release */ = {
			isa = XCBuildConfiguration;
			buildSettings = {
				ALWAYS_SEARCH_USER_PATHS = NO;
				ASSETCATALOG_COMPILER_GENERATE_SWIFT_ASSET_SYMBOL_EXTENSIONS = YES;
				CLANG_ANALYZER_NONNULL = YES;
				CLANG_ANALYZER_NUMBER_OBJECT_CONVERSION = YES_AGGRESSIVE;
				CLANG_CXX_LANGUAGE_STANDARD = "gnu++20";
				CLANG_ENABLE_MODULES = YES;
				CLANG_ENABLE_OBJC_ARC = YES;
				CLANG_ENABLE_OBJC_WEAK = YES;
				CLANG_WARN_BLOCK_CAPTURE_AUTORELEASING = YES;
				CLANG_WARN_BOOL_CONVERSION = YES;
				CLANG_WARN_COMMA = YES;
				CLANG_WARN_CONSTANT_CONVERSION = YES;
				CLANG_WARN_DEPRECATED_OBJC_IMPLEMENTATIONS = YES;
				CLANG_WARN_DIRECT_OBJC_ISA_USAGE = YES_ERROR;
				CLANG_WARN_DOCUMENTATION_COMMENTS = YES;
				CLANG_WARN_EMPTY_BODY = YES;
				CLANG_WARN_ENUM_CONVERSION = YES;
				CLANG_WARN_INFINITE_RECURSION = YES;
				CLANG_WARN_INT_CONVERSION = YES;
				CLANG_WARN_NON_LITERAL_NULL_CONVERSION = YES;
				CLANG_WARN_OBJC_IMPLICIT_RETAIN_SELF = YES;
				CLANG_WARN_OBJC_LITERAL_CONVERSION = YES;
				CLANG_WARN_OBJC_ROOT_CLASS = YES_ERROR;
				CLANG_WARN_QUOTED_INCLUDE_IN_FRAMEWORK_HEADER = YES;
				CLANG_WARN_RANGE_LOOP_ANALYSIS = YES;
				CLANG_WARN_STRICT_PROTOTYPES = YES;
				CLANG_WARN_SUSPICIOUS_MOVE = YES;
				CLANG_WARN_UNGUARDED_AVAILABILITY = YES_AGGRESSIVE;
				CLANG_WARN_UNREACHABLE_CODE = YES;
				CLANG_WARN__DUPLICATE_METHOD_MATCH = YES;
				COPY_PHASE_STRIP = NO;
				DEBUG_INFORMATION_FORMAT = "dwarf-with-dsym";
				ENABLE_NS_ASSERTIONS = NO;
				ENABLE_STRICT_OBJC_MSGSEND = YES;
				ENABLE_USER_SCRIPT_SANDBOXING = YES;
				GCC_C_LANGUAGE_STANDARD = gnu17;
				GCC_NO_COMMON_BLOCKS = YES;
				GCC_WARN_64_TO_32_BIT_CONVERSION = YES;
				GCC_WARN_ABOUT_RETURN_TYPE = YES_ERROR;
				GCC_WARN_UNDECLARED_SELECTOR = YES;
				GCC_WARN_UNINITIALIZED_AUTOS = YES_AGGRESSIVE;
				GCC_WARN_UNUSED_FUNCTION = YES;
				GCC_WARN_UNUSED_VARIABLE = YES;
				IPHONEOS_DEPLOYMENT_TARGET = 16.4;
				LOCALIZATION_PREFERS_STRING_CATALOGS = YES;
				MTL_ENABLE_DEBUG_INFO = NO;
				MTL_FAST_MATH = YES;
				SDKROOT = iphoneos;
				SWIFT_COMPILATION_MODE = wholemodule;
				VALIDATE_PRODUCT = YES;
			};
			name = Release;
		};
		9E99CCF92A944A5A00699B6A /* Debug */ = {
			isa = XCBuildConfiguration;
			buildSettings = {
				ASSETCATALOG_COMPILER_APPICON_NAME = AppIcon;
				ASSETCATALOG_COMPILER_GLOBAL_ACCENT_COLOR_NAME = AccentColor;
				CODE_SIGN_STYLE = Automatic;
				CURRENT_PROJECT_VERSION = 1;
				DEVELOPMENT_ASSET_PATHS = "\"project02-teamB-OUR-consumer/Preview Content\"";
				DEVELOPMENT_TEAM = "";
				ENABLE_PREVIEWS = YES;
				GENERATE_INFOPLIST_FILE = YES;
				INFOPLIST_FILE = "project02-teamB-OUR-consumer/Info.plist";
				INFOPLIST_KEY_UIApplicationSceneManifest_Generation = YES;
				INFOPLIST_KEY_UIApplicationSupportsIndirectInputEvents = YES;
				INFOPLIST_KEY_UILaunchScreen_Generation = YES;
				INFOPLIST_KEY_UISupportedInterfaceOrientations_iPad = "UIInterfaceOrientationPortrait UIInterfaceOrientationPortraitUpsideDown UIInterfaceOrientationLandscapeLeft UIInterfaceOrientationLandscapeRight";
				INFOPLIST_KEY_UISupportedInterfaceOrientations_iPhone = "UIInterfaceOrientationPortrait UIInterfaceOrientationLandscapeLeft UIInterfaceOrientationLandscapeRight";
				IPHONEOS_DEPLOYMENT_TARGET = 16.0;
				LD_RUNPATH_SEARCH_PATHS = (
					"$(inherited)",
					"@executable_path/Frameworks",
				);
				MARKETING_VERSION = 1.0;
				PRODUCT_BUNDLE_IDENTIFIER = "jade.com.project02-teamB-OUR-consumer";
				PRODUCT_NAME = "$(TARGET_NAME)";
				SWIFT_EMIT_LOC_STRINGS = YES;
				SWIFT_VERSION = 5.0;
				TARGETED_DEVICE_FAMILY = "1,2";
			};
			name = Debug;
		};
		9E99CCFA2A944A5A00699B6A /* Release */ = {
			isa = XCBuildConfiguration;
			buildSettings = {
				ASSETCATALOG_COMPILER_APPICON_NAME = AppIcon;
				ASSETCATALOG_COMPILER_GLOBAL_ACCENT_COLOR_NAME = AccentColor;
				CODE_SIGN_STYLE = Automatic;
				CURRENT_PROJECT_VERSION = 1;
				DEVELOPMENT_ASSET_PATHS = "\"project02-teamB-OUR-consumer/Preview Content\"";
				DEVELOPMENT_TEAM = "";
				ENABLE_PREVIEWS = YES;
				GENERATE_INFOPLIST_FILE = YES;
				INFOPLIST_FILE = "project02-teamB-OUR-consumer/Info.plist";
				INFOPLIST_KEY_UIApplicationSceneManifest_Generation = YES;
				INFOPLIST_KEY_UIApplicationSupportsIndirectInputEvents = YES;
				INFOPLIST_KEY_UILaunchScreen_Generation = YES;
				INFOPLIST_KEY_UISupportedInterfaceOrientations_iPad = "UIInterfaceOrientationPortrait UIInterfaceOrientationPortraitUpsideDown UIInterfaceOrientationLandscapeLeft UIInterfaceOrientationLandscapeRight";
				INFOPLIST_KEY_UISupportedInterfaceOrientations_iPhone = "UIInterfaceOrientationPortrait UIInterfaceOrientationLandscapeLeft UIInterfaceOrientationLandscapeRight";
				IPHONEOS_DEPLOYMENT_TARGET = 16.0;
				LD_RUNPATH_SEARCH_PATHS = (
					"$(inherited)",
					"@executable_path/Frameworks",
				);
				MARKETING_VERSION = 1.0;
				PRODUCT_BUNDLE_IDENTIFIER = "jade.com.project02-teamB-OUR-consumer";
				PRODUCT_NAME = "$(TARGET_NAME)";
				SWIFT_EMIT_LOC_STRINGS = YES;
				SWIFT_VERSION = 5.0;
				TARGETED_DEVICE_FAMILY = "1,2";
			};
			name = Release;
		};
/* End XCBuildConfiguration section */

/* Begin XCConfigurationList section */
		9E99CCE52A944A5700699B6A /* Build configuration list for PBXProject "project02-teamB-OUR-consumer" */ = {
			isa = XCConfigurationList;
			buildConfigurations = (
				9E99CCF62A944A5A00699B6A /* Debug */,
				9E99CCF72A944A5A00699B6A /* Release */,
			);
			defaultConfigurationIsVisible = 0;
			defaultConfigurationName = Release;
		};
		9E99CCF82A944A5A00699B6A /* Build configuration list for PBXNativeTarget "project02-teamB-OUR-consumer" */ = {
			isa = XCConfigurationList;
			buildConfigurations = (
				9E99CCF92A944A5A00699B6A /* Debug */,
				9E99CCFA2A944A5A00699B6A /* Release */,
			);
			defaultConfigurationIsVisible = 0;
			defaultConfigurationName = Release;
		};
/* End XCConfigurationList section */

/* Begin XCRemoteSwiftPackageReference section */
		3AF70F322A951582008E9CAB /* XCRemoteSwiftPackageReference "GoogleSignIn-iOS" */ = {
			isa = XCRemoteSwiftPackageReference;
			repositoryURL = "https://github.com/google/GoogleSignIn-iOS";
			requirement = {
				kind = upToNextMajorVersion;
				minimumVersion = 7.0.0;
			};
		};
		F485B74B2A94574200A2F5FF /* XCRemoteSwiftPackageReference "firebase-ios-sdk" */ = {
			isa = XCRemoteSwiftPackageReference;
			repositoryURL = "https://github.com/firebase/firebase-ios-sdk";
			requirement = {
				kind = upToNextMajorVersion;
				minimumVersion = 10.0.0;
			};
		};
/* End XCRemoteSwiftPackageReference section */

/* Begin XCSwiftPackageProductDependency section */
		3AF70F332A951582008E9CAB /* GoogleSignIn */ = {
			isa = XCSwiftPackageProductDependency;
			package = 3AF70F322A951582008E9CAB /* XCRemoteSwiftPackageReference "GoogleSignIn-iOS" */;
			productName = GoogleSignIn;
		};
		3AF70F352A951582008E9CAB /* GoogleSignInSwift */ = {
			isa = XCSwiftPackageProductDependency;
			package = 3AF70F322A951582008E9CAB /* XCRemoteSwiftPackageReference "GoogleSignIn-iOS" */;
			productName = GoogleSignInSwift;
		};
		F485B74C2A94574200A2F5FF /* FirebaseAuth */ = {
			isa = XCSwiftPackageProductDependency;
			package = F485B74B2A94574200A2F5FF /* XCRemoteSwiftPackageReference "firebase-ios-sdk" */;
			productName = FirebaseAuth;
		};
		F485B74E2A94574200A2F5FF /* FirebaseFirestore */ = {
			isa = XCSwiftPackageProductDependency;
			package = F485B74B2A94574200A2F5FF /* XCRemoteSwiftPackageReference "firebase-ios-sdk" */;
			productName = FirebaseFirestore;
		};
		F485B7502A94574200A2F5FF /* FirebaseFirestoreCombine-Community */ = {
			isa = XCSwiftPackageProductDependency;
			package = F485B74B2A94574200A2F5FF /* XCRemoteSwiftPackageReference "firebase-ios-sdk" */;
			productName = "FirebaseFirestoreCombine-Community";
		};
		F485B7522A94574200A2F5FF /* FirebaseFirestoreSwift */ = {
			isa = XCSwiftPackageProductDependency;
			package = F485B74B2A94574200A2F5FF /* XCRemoteSwiftPackageReference "firebase-ios-sdk" */;
			productName = FirebaseFirestoreSwift;
		};
/* End XCSwiftPackageProductDependency section */
	};
	rootObject = 9E99CCE22A944A5700699B6A /* Project object */;
}
