// !$*UTF8*$!
{
	archiveVersion = 1;
	classes = {
	};
	objectVersion = 56;
	objects = {

/* Begin PBXBuildFile section */
		632883722A949D49004DC84E /* GoogleService-Info.plist in Resources */ = {isa = PBXBuildFile; fileRef = 632883712A949D48004DC84E /* GoogleService-Info.plist */; };
		632883742A94DD31004DC84E /* PostView.swift in Sources */ = {isa = PBXBuildFile; fileRef = 632883732A94DD31004DC84E /* PostView.swift */; };
		632883762A94F0ED004DC84E /* PostDetailView.swift in Sources */ = {isa = PBXBuildFile; fileRef = 632883752A94F0ED004DC84E /* PostDetailView.swift */; };
		632883782A94F57C004DC84E /* CommentView.swift in Sources */ = {isa = PBXBuildFile; fileRef = 632883772A94F57C004DC84E /* CommentView.swift */; };
		6332A5FE2A95979A0047E2DD /* PostUserView.swift in Sources */ = {isa = PBXBuildFile; fileRef = 6332A5FD2A95979A0047E2DD /* PostUserView.swift */; };
		6332A6002A95A3640047E2DD /* PostButtonView.swift in Sources */ = {isa = PBXBuildFile; fileRef = 6332A5FF2A95A3640047E2DD /* PostButtonView.swift */; };
		6332A6032A95D1220047E2DD /* ScrapView.swift in Sources */ = {isa = PBXBuildFile; fileRef = 6332A6022A95D1220047E2DD /* ScrapView.swift */; };
		6332A6052A95D12C0047E2DD /* ShareView.swift in Sources */ = {isa = PBXBuildFile; fileRef = 6332A6042A95D12C0047E2DD /* ShareView.swift */; };
		643316782A949D5D0095987A /* GoogleService-Info.plist in Resources */ = {isa = PBXBuildFile; fileRef = 643316772A949D5D0095987A /* GoogleService-Info.plist */; };
		6433167C2A94EB9D0095987A /* LoginSecondView.swift in Sources */ = {isa = PBXBuildFile; fileRef = 6433167B2A94EB9D0095987A /* LoginSecondView.swift */; };
		6433167E2A94EC020095987A /* GoogleService-Info.plist in Resources */ = {isa = PBXBuildFile; fileRef = 6433167D2A94EC020095987A /* GoogleService-Info.plist */; };
		643316822A9521310095987A /* AgreeTermView.swift in Sources */ = {isa = PBXBuildFile; fileRef = 643316812A9521310095987A /* AgreeTermView.swift */; };
		9B35B2742A9458E900AD72D7 /* LoginView.swift in Sources */ = {isa = PBXBuildFile; fileRef = 9B35B2732A9458E900AD72D7 /* LoginView.swift */; };
		9B35B2762A94590F00AD72D7 /* FeedTabView.swift in Sources */ = {isa = PBXBuildFile; fileRef = 9B35B2752A94590F00AD72D7 /* FeedTabView.swift */; };
		9B35B2782A94593E00AD72D7 /* FeedView.swift in Sources */ = {isa = PBXBuildFile; fileRef = 9B35B2772A94593E00AD72D7 /* FeedView.swift */; };
		9B35B27A2A94594C00AD72D7 /* SheetView.swift in Sources */ = {isa = PBXBuildFile; fileRef = 9B35B2792A94594C00AD72D7 /* SheetView.swift */; };
		9B35B27C2A94595900AD72D7 /* TitleView.swift in Sources */ = {isa = PBXBuildFile; fileRef = 9B35B27B2A94595900AD72D7 /* TitleView.swift */; };
		9B35B2802A94598400AD72D7 /* IdStore.swift in Sources */ = {isa = PBXBuildFile; fileRef = 9B35B27F2A94598400AD72D7 /* IdStore.swift */; };
		9B35B2822A947C7100AD72D7 /* FollowBtnView.swift in Sources */ = {isa = PBXBuildFile; fileRef = 9B35B2812A947C7100AD72D7 /* FollowBtnView.swift */; };
		9B6B9B2E2A949F15004609AF /* IdData.swift in Sources */ = {isa = PBXBuildFile; fileRef = 9B6B9B2D2A949F15004609AF /* IdData.swift */; };
		9B6B9B302A94A2AA004609AF /* FeedStore.swift in Sources */ = {isa = PBXBuildFile; fileRef = 9B6B9B2F2A94A2AA004609AF /* FeedStore.swift */; };
		9B6B9B322A94A3F2004609AF /* PostCommentStore.swift in Sources */ = {isa = PBXBuildFile; fileRef = 9B6B9B312A94A3F2004609AF /* PostCommentStore.swift */; };
		9B6B9B362A94A746004609AF /* PostData.swift in Sources */ = {isa = PBXBuildFile; fileRef = 9B6B9B352A94A746004609AF /* PostData.swift */; };
		9E99CCEE2A944A5700699B6A /* project02_teamB_OUR_consumerApp.swift in Sources */ = {isa = PBXBuildFile; fileRef = 9E99CCED2A944A5700699B6A /* project02_teamB_OUR_consumerApp.swift */; };
		9E99CCF02A944A5700699B6A /* ContentView.swift in Sources */ = {isa = PBXBuildFile; fileRef = 9E99CCEF2A944A5700699B6A /* ContentView.swift */; };
		9E99CCF22A944A5A00699B6A /* Assets.xcassets in Resources */ = {isa = PBXBuildFile; fileRef = 9E99CCF12A944A5A00699B6A /* Assets.xcassets */; };
		9E99CCF52A944A5A00699B6A /* Preview Assets.xcassets in Resources */ = {isa = PBXBuildFile; fileRef = 9E99CCF42A944A5A00699B6A /* Preview Assets.xcassets */; };
		F485B74D2A94574200A2F5FF /* FirebaseAuth in Frameworks */ = {isa = PBXBuildFile; productRef = F485B74C2A94574200A2F5FF /* FirebaseAuth */; };
		F485B74F2A94574200A2F5FF /* FirebaseFirestore in Frameworks */ = {isa = PBXBuildFile; productRef = F485B74E2A94574200A2F5FF /* FirebaseFirestore */; };
		F485B7512A94574200A2F5FF /* FirebaseFirestoreCombine-Community in Frameworks */ = {isa = PBXBuildFile; productRef = F485B7502A94574200A2F5FF /* FirebaseFirestoreCombine-Community */; };
		F485B7532A94574200A2F5FF /* FirebaseFirestoreSwift in Frameworks */ = {isa = PBXBuildFile; productRef = F485B7522A94574200A2F5FF /* FirebaseFirestoreSwift */; };
		F485B7552A94584400A2F5FF /* AuthViewModel.swift in Sources */ = {isa = PBXBuildFile; fileRef = F485B7542A94584400A2F5FF /* AuthViewModel.swift */; };
/* End PBXBuildFile section */

/* Begin PBXFileReference section */
		632883712A949D48004DC84E /* GoogleService-Info.plist */ = {isa = PBXFileReference; fileEncoding = 4; lastKnownFileType = text.plist.xml; path = "GoogleService-Info.plist"; sourceTree = "<group>"; };
		632883732A94DD31004DC84E /* PostView.swift */ = {isa = PBXFileReference; lastKnownFileType = sourcecode.swift; path = PostView.swift; sourceTree = "<group>"; };
		632883752A94F0ED004DC84E /* PostDetailView.swift */ = {isa = PBXFileReference; lastKnownFileType = sourcecode.swift; path = PostDetailView.swift; sourceTree = "<group>"; };
		632883772A94F57C004DC84E /* CommentView.swift */ = {isa = PBXFileReference; lastKnownFileType = sourcecode.swift; path = CommentView.swift; sourceTree = "<group>"; };
		6332A5FD2A95979A0047E2DD /* PostUserView.swift */ = {isa = PBXFileReference; lastKnownFileType = sourcecode.swift; path = PostUserView.swift; sourceTree = "<group>"; };
		6332A5FF2A95A3640047E2DD /* PostButtonView.swift */ = {isa = PBXFileReference; lastKnownFileType = sourcecode.swift; path = PostButtonView.swift; sourceTree = "<group>"; };
		6332A6022A95D1220047E2DD /* ScrapView.swift */ = {isa = PBXFileReference; lastKnownFileType = sourcecode.swift; path = ScrapView.swift; sourceTree = "<group>"; };
		6332A6042A95D12C0047E2DD /* ShareView.swift */ = {isa = PBXFileReference; lastKnownFileType = sourcecode.swift; path = ShareView.swift; sourceTree = "<group>"; };
		643316772A949D5D0095987A /* GoogleService-Info.plist */ = {isa = PBXFileReference; fileEncoding = 4; lastKnownFileType = text.plist.xml; path = "GoogleService-Info.plist"; sourceTree = "<group>"; };
		6433167B2A94EB9D0095987A /* LoginSecondView.swift */ = {isa = PBXFileReference; lastKnownFileType = sourcecode.swift; path = LoginSecondView.swift; sourceTree = "<group>"; };
		6433167D2A94EC020095987A /* GoogleService-Info.plist */ = {isa = PBXFileReference; fileEncoding = 4; lastKnownFileType = text.plist.xml; path = "GoogleService-Info.plist"; sourceTree = "<group>"; };
		643316812A9521310095987A /* AgreeTermView.swift */ = {isa = PBXFileReference; fileEncoding = 4; lastKnownFileType = sourcecode.swift; path = AgreeTermView.swift; sourceTree = "<group>"; };
		9B35B2732A9458E900AD72D7 /* LoginView.swift */ = {isa = PBXFileReference; lastKnownFileType = sourcecode.swift; path = LoginView.swift; sourceTree = "<group>"; };
		9B35B2752A94590F00AD72D7 /* FeedTabView.swift */ = {isa = PBXFileReference; lastKnownFileType = sourcecode.swift; path = FeedTabView.swift; sourceTree = "<group>"; };
		9B35B2772A94593E00AD72D7 /* FeedView.swift */ = {isa = PBXFileReference; lastKnownFileType = sourcecode.swift; path = FeedView.swift; sourceTree = "<group>"; };
		9B35B2792A94594C00AD72D7 /* SheetView.swift */ = {isa = PBXFileReference; lastKnownFileType = sourcecode.swift; path = SheetView.swift; sourceTree = "<group>"; };
		9B35B27B2A94595900AD72D7 /* TitleView.swift */ = {isa = PBXFileReference; lastKnownFileType = sourcecode.swift; path = TitleView.swift; sourceTree = "<group>"; };
		9B35B27F2A94598400AD72D7 /* IdStore.swift */ = {isa = PBXFileReference; lastKnownFileType = sourcecode.swift; path = IdStore.swift; sourceTree = "<group>"; };
		9B35B2812A947C7100AD72D7 /* FollowBtnView.swift */ = {isa = PBXFileReference; lastKnownFileType = sourcecode.swift; path = FollowBtnView.swift; sourceTree = "<group>"; };
		9B6B9B2D2A949F15004609AF /* IdData.swift */ = {isa = PBXFileReference; lastKnownFileType = sourcecode.swift; path = IdData.swift; sourceTree = "<group>"; };
		9B6B9B2F2A94A2AA004609AF /* FeedStore.swift */ = {isa = PBXFileReference; lastKnownFileType = sourcecode.swift; path = FeedStore.swift; sourceTree = "<group>"; };
		9B6B9B312A94A3F2004609AF /* PostCommentStore.swift */ = {isa = PBXFileReference; lastKnownFileType = sourcecode.swift; path = PostCommentStore.swift; sourceTree = "<group>"; };
		9B6B9B352A94A746004609AF /* PostData.swift */ = {isa = PBXFileReference; lastKnownFileType = sourcecode.swift; path = PostData.swift; sourceTree = "<group>"; };
		9E99CCEA2A944A5700699B6A /* project02-teamB-OUR-consumer.app */ = {isa = PBXFileReference; explicitFileType = wrapper.application; includeInIndex = 0; path = "project02-teamB-OUR-consumer.app"; sourceTree = BUILT_PRODUCTS_DIR; };
		9E99CCED2A944A5700699B6A /* project02_teamB_OUR_consumerApp.swift */ = {isa = PBXFileReference; lastKnownFileType = sourcecode.swift; path = project02_teamB_OUR_consumerApp.swift; sourceTree = "<group>"; };
		9E99CCEF2A944A5700699B6A /* ContentView.swift */ = {isa = PBXFileReference; lastKnownFileType = sourcecode.swift; path = ContentView.swift; sourceTree = "<group>"; };
		9E99CCF12A944A5A00699B6A /* Assets.xcassets */ = {isa = PBXFileReference; lastKnownFileType = folder.assetcatalog; path = Assets.xcassets; sourceTree = "<group>"; };
		9E99CCF42A944A5A00699B6A /* Preview Assets.xcassets */ = {isa = PBXFileReference; lastKnownFileType = folder.assetcatalog; path = "Preview Assets.xcassets"; sourceTree = "<group>"; };
		F485B7542A94584400A2F5FF /* AuthViewModel.swift */ = {isa = PBXFileReference; lastKnownFileType = sourcecode.swift; path = AuthViewModel.swift; sourceTree = "<group>"; };
/* End PBXFileReference section */

/* Begin PBXFrameworksBuildPhase section */
		9E99CCE72A944A5700699B6A /* Frameworks */ = {
			isa = PBXFrameworksBuildPhase;
			buildActionMask = 2147483647;
			files = (
				F485B7512A94574200A2F5FF /* FirebaseFirestoreCombine-Community in Frameworks */,
				F485B74D2A94574200A2F5FF /* FirebaseAuth in Frameworks */,
				F485B74F2A94574200A2F5FF /* FirebaseFirestore in Frameworks */,
				F485B7532A94574200A2F5FF /* FirebaseFirestoreSwift in Frameworks */,
			);
			runOnlyForDeploymentPostprocessing = 0;
		};
/* End PBXFrameworksBuildPhase section */

/* Begin PBXGroup section */
		6332A6012A95C5CB0047E2DD /* Feed */ = {
			isa = PBXGroup;
			children = (
				9B35B2772A94593E00AD72D7 /* FeedView.swift */,
				6332A5FD2A95979A0047E2DD /* PostUserView.swift */,
				632883732A94DD31004DC84E /* PostView.swift */,
				632883772A94F57C004DC84E /* CommentView.swift */,
				6332A5FF2A95A3640047E2DD /* PostButtonView.swift */,
				632883752A94F0ED004DC84E /* PostDetailView.swift */,
				6332A6022A95D1220047E2DD /* ScrapView.swift */,
				6332A6042A95D12C0047E2DD /* ShareView.swift */,
			);
			path = Feed;
			sourceTree = "<group>";
		};
		9B35B2692A94576100AD72D7 /* View */ = {
			isa = PBXGroup;
			children = (
				9B35B2752A94590F00AD72D7 /* FeedTabView.swift */,
				6332A6012A95C5CB0047E2DD /* Feed */,
				9B35B2792A94594C00AD72D7 /* SheetView.swift */,
				9B35B2812A947C7100AD72D7 /* FollowBtnView.swift */,
				9B35B2732A9458E900AD72D7 /* LoginView.swift */,
				6433167B2A94EB9D0095987A /* LoginSecondView.swift */,
				643316812A9521310095987A /* AgreeTermView.swift */,
				9B35B27B2A94595900AD72D7 /* TitleView.swift */,
			);
			path = View;
			sourceTree = "<group>";
		};
		9B35B26A2A94576600AD72D7 /* Data */ = {
			isa = PBXGroup;
			children = (
				9B6B9B2D2A949F15004609AF /* IdData.swift */,
				9B6B9B352A94A746004609AF /* PostData.swift */,
			);
			path = Data;
			sourceTree = "<group>";
		};
		9B6B9B2C2A949ED9004609AF /* Model */ = {
			isa = PBXGroup;
			children = (
				9B35B27F2A94598400AD72D7 /* IdStore.swift */,
				9B6B9B2F2A94A2AA004609AF /* FeedStore.swift */,
				9B6B9B312A94A3F2004609AF /* PostCommentStore.swift */,
			);
			path = Model;
			sourceTree = "<group>";
		};
		9E99CCE12A944A5700699B6A = {
			isa = PBXGroup;
			children = (
				9E99CCEC2A944A5700699B6A /* project02-teamB-OUR-consumer */,
				9E99CCEB2A944A5700699B6A /* Products */,
			);
			sourceTree = "<group>";
		};
		9E99CCEB2A944A5700699B6A /* Products */ = {
			isa = PBXGroup;
			children = (
				9E99CCEA2A944A5700699B6A /* project02-teamB-OUR-consumer.app */,
			);
			name = Products;
			sourceTree = "<group>";
		};
		9E99CCEC2A944A5700699B6A /* project02-teamB-OUR-consumer */ = {
			isa = PBXGroup;
			children = (
				9E99CCED2A944A5700699B6A /* project02_teamB_OUR_consumerApp.swift */,
				9E99CCEF2A944A5700699B6A /* ContentView.swift */,
				F485B7562A94584800A2F5FF /* ViewModel */,
				9B35B2692A94576100AD72D7 /* View */,
				9B35B26A2A94576600AD72D7 /* Data */,
				9E99CCF12A944A5A00699B6A /* Assets.xcassets */,
				6433167D2A94EC020095987A /* GoogleService-Info.plist */,
				9B6B9B2C2A949ED9004609AF /* Model */,
				632883712A949D48004DC84E /* GoogleService-Info.plist */,
				643316772A949D5D0095987A /* GoogleService-Info.plist */,
				9E99CCF32A944A5A00699B6A /* Preview Content */,
			);
			path = "project02-teamB-OUR-consumer";
			sourceTree = "<group>";
		};
		9E99CCF32A944A5A00699B6A /* Preview Content */ = {
			isa = PBXGroup;
			children = (
				9E99CCF42A944A5A00699B6A /* Preview Assets.xcassets */,
			);
			path = "Preview Content";
			sourceTree = "<group>";
		};
		F485B7562A94584800A2F5FF /* ViewModel */ = {
			isa = PBXGroup;
			children = (
				F485B7542A94584400A2F5FF /* AuthViewModel.swift */,
			);
			path = ViewModel;
			sourceTree = "<group>";
		};
/* End PBXGroup section */

/* Begin PBXNativeTarget section */
		9E99CCE92A944A5700699B6A /* project02-teamB-OUR-consumer */ = {
			isa = PBXNativeTarget;
			buildConfigurationList = 9E99CCF82A944A5A00699B6A /* Build configuration list for PBXNativeTarget "project02-teamB-OUR-consumer" */;
			buildPhases = (
				9E99CCE62A944A5700699B6A /* Sources */,
				9E99CCE72A944A5700699B6A /* Frameworks */,
				9E99CCE82A944A5700699B6A /* Resources */,
			);
			buildRules = (
			);
			dependencies = (
			);
			name = "project02-teamB-OUR-consumer";
			packageProductDependencies = (
				F485B74C2A94574200A2F5FF /* FirebaseAuth */,
				F485B74E2A94574200A2F5FF /* FirebaseFirestore */,
				F485B7502A94574200A2F5FF /* FirebaseFirestoreCombine-Community */,
				F485B7522A94574200A2F5FF /* FirebaseFirestoreSwift */,
			);
			productName = "project02-teamB-OUR-consumer";
			productReference = 9E99CCEA2A944A5700699B6A /* project02-teamB-OUR-consumer.app */;
			productType = "com.apple.product-type.application";
		};
/* End PBXNativeTarget section */

/* Begin PBXProject section */
		9E99CCE22A944A5700699B6A /* Project object */ = {
			isa = PBXProject;
			attributes = {
				BuildIndependentTargetsInParallel = 1;
				LastSwiftUpdateCheck = 1500;
				LastUpgradeCheck = 1500;
				TargetAttributes = {
					9E99CCE92A944A5700699B6A = {
						CreatedOnToolsVersion = 15.0;
					};
				};
			};
			buildConfigurationList = 9E99CCE52A944A5700699B6A /* Build configuration list for PBXProject "project02-teamB-OUR-consumer" */;
			compatibilityVersion = "Xcode 14.0";
			developmentRegion = en;
			hasScannedForEncodings = 0;
			knownRegions = (
				en,
				Base,
			);
			mainGroup = 9E99CCE12A944A5700699B6A;
			packageReferences = (
				F485B74B2A94574200A2F5FF /* XCRemoteSwiftPackageReference "firebase-ios-sdk" */,
			);
			productRefGroup = 9E99CCEB2A944A5700699B6A /* Products */;
			projectDirPath = "";
			projectRoot = "";
			targets = (
				9E99CCE92A944A5700699B6A /* project02-teamB-OUR-consumer */,
			);
		};
/* End PBXProject section */

/* Begin PBXResourcesBuildPhase section */
		9E99CCE82A944A5700699B6A /* Resources */ = {
			isa = PBXResourcesBuildPhase;
			buildActionMask = 2147483647;
			files = (
				9E99CCF52A944A5A00699B6A /* Preview Assets.xcassets in Resources */,
				9E99CCF22A944A5A00699B6A /* Assets.xcassets in Resources */,
				6433167E2A94EC020095987A /* GoogleService-Info.plist in Resources */,
				632883722A949D49004DC84E /* GoogleService-Info.plist in Resources */,
				643316782A949D5D0095987A /* GoogleService-Info.plist in Resources */,
			);
			runOnlyForDeploymentPostprocessing = 0;
		};
/* End PBXResourcesBuildPhase section */

/* Begin PBXSourcesBuildPhase section */
		9E99CCE62A944A5700699B6A /* Sources */ = {
			isa = PBXSourcesBuildPhase;
			buildActionMask = 2147483647;
			files = (
				6433167C2A94EB9D0095987A /* LoginSecondView.swift in Sources */,
				6332A5FE2A95979A0047E2DD /* PostUserView.swift in Sources */,
				632883782A94F57C004DC84E /* CommentView.swift in Sources */,
				6332A6032A95D1220047E2DD /* ScrapView.swift in Sources */,
				9B35B2782A94593E00AD72D7 /* FeedView.swift in Sources */,
				9E99CCF02A944A5700699B6A /* ContentView.swift in Sources */,
				9B35B2802A94598400AD72D7 /* IdStore.swift in Sources */,
				9B6B9B302A94A2AA004609AF /* FeedStore.swift in Sources */,
				9B35B2822A947C7100AD72D7 /* FollowBtnView.swift in Sources */,
				9E99CCEE2A944A5700699B6A /* project02_teamB_OUR_consumerApp.swift in Sources */,
				F485B7552A94584400A2F5FF /* AuthViewModel.swift in Sources */,
				643316822A9521310095987A /* AgreeTermView.swift in Sources */,
				9B6B9B322A94A3F2004609AF /* PostCommentStore.swift in Sources */,
				F485B7552A94584400A2F5FF /* AuthViewModel.swift in Sources */,
				9B6B9B2E2A949F15004609AF /* IdData.swift in Sources */,
				6332A6002A95A3640047E2DD /* PostButtonView.swift in Sources */,
				9B6B9B362A94A746004609AF /* PostData.swift in Sources */,
				9B6B9B322A94A3F2004609AF /* PostCommentStore.swift in Sources */,
				F485B7552A94584400A2F5FF /* AuthViewModel.swift in Sources */,
				9B6B9B2E2A949F15004609AF /* IdData.swift in Sources */,
				632883742A94DD31004DC84E /* PostView.swift in Sources */,
				9B6B9B362A94A746004609AF /* PostData.swift in Sources */,
				9B35B2762A94590F00AD72D7 /* FeedTabView.swift in Sources */,
				9B35B27C2A94595900AD72D7 /* TitleView.swift in Sources */,
				6332A6052A95D12C0047E2DD /* ShareView.swift in Sources */,
				632883762A94F0ED004DC84E /* PostDetailView.swift in Sources */,
				9B35B2742A9458E900AD72D7 /* LoginView.swift in Sources */,
				9B35B27A2A94594C00AD72D7 /* SheetView.swift in Sources */,
			);
			runOnlyForDeploymentPostprocessing = 0;
		};
/* End PBXSourcesBuildPhase section */

/* Begin XCBuildConfiguration section */
		9E99CCF62A944A5A00699B6A /* Debug */ = {
			isa = XCBuildConfiguration;
			buildSettings = {
				ALWAYS_SEARCH_USER_PATHS = NO;
				ASSETCATALOG_COMPILER_GENERATE_SWIFT_ASSET_SYMBOL_EXTENSIONS = YES;
				CLANG_ANALYZER_NONNULL = YES;
				CLANG_ANALYZER_NUMBER_OBJECT_CONVERSION = YES_AGGRESSIVE;
				CLANG_CXX_LANGUAGE_STANDARD = "gnu++20";
				CLANG_ENABLE_MODULES = YES;
				CLANG_ENABLE_OBJC_ARC = YES;
				CLANG_ENABLE_OBJC_WEAK = YES;
				CLANG_WARN_BLOCK_CAPTURE_AUTORELEASING = YES;
				CLANG_WARN_BOOL_CONVERSION = YES;
				CLANG_WARN_COMMA = YES;
				CLANG_WARN_CONSTANT_CONVERSION = YES;
				CLANG_WARN_DEPRECATED_OBJC_IMPLEMENTATIONS = YES;
				CLANG_WARN_DIRECT_OBJC_ISA_USAGE = YES_ERROR;
				CLANG_WARN_DOCUMENTATION_COMMENTS = YES;
				CLANG_WARN_EMPTY_BODY = YES;
				CLANG_WARN_ENUM_CONVERSION = YES;
				CLANG_WARN_INFINITE_RECURSION = YES;
				CLANG_WARN_INT_CONVERSION = YES;
				CLANG_WARN_NON_LITERAL_NULL_CONVERSION = YES;
				CLANG_WARN_OBJC_IMPLICIT_RETAIN_SELF = YES;
				CLANG_WARN_OBJC_LITERAL_CONVERSION = YES;
				CLANG_WARN_OBJC_ROOT_CLASS = YES_ERROR;
				CLANG_WARN_QUOTED_INCLUDE_IN_FRAMEWORK_HEADER = YES;
				CLANG_WARN_RANGE_LOOP_ANALYSIS = YES;
				CLANG_WARN_STRICT_PROTOTYPES = YES;
				CLANG_WARN_SUSPICIOUS_MOVE = YES;
				CLANG_WARN_UNGUARDED_AVAILABILITY = YES_AGGRESSIVE;
				CLANG_WARN_UNREACHABLE_CODE = YES;
				CLANG_WARN__DUPLICATE_METHOD_MATCH = YES;
				COPY_PHASE_STRIP = NO;
				DEBUG_INFORMATION_FORMAT = dwarf;
				ENABLE_STRICT_OBJC_MSGSEND = YES;
				ENABLE_TESTABILITY = YES;
				ENABLE_USER_SCRIPT_SANDBOXING = YES;
				GCC_C_LANGUAGE_STANDARD = gnu17;
				GCC_DYNAMIC_NO_PIC = NO;
				GCC_NO_COMMON_BLOCKS = YES;
				GCC_OPTIMIZATION_LEVEL = 0;
				GCC_PREPROCESSOR_DEFINITIONS = (
					"DEBUG=1",
					"$(inherited)",
				);
				GCC_WARN_64_TO_32_BIT_CONVERSION = YES;
				GCC_WARN_ABOUT_RETURN_TYPE = YES_ERROR;
				GCC_WARN_UNDECLARED_SELECTOR = YES;
				GCC_WARN_UNINITIALIZED_AUTOS = YES_AGGRESSIVE;
				GCC_WARN_UNUSED_FUNCTION = YES;
				GCC_WARN_UNUSED_VARIABLE = YES;
				IPHONEOS_DEPLOYMENT_TARGET = 16.4;
				LOCALIZATION_PREFERS_STRING_CATALOGS = YES;
				MTL_ENABLE_DEBUG_INFO = INCLUDE_SOURCE;
				MTL_FAST_MATH = YES;
				ONLY_ACTIVE_ARCH = YES;
				SDKROOT = iphoneos;
				SWIFT_ACTIVE_COMPILATION_CONDITIONS = "DEBUG $(inherited)";
				SWIFT_OPTIMIZATION_LEVEL = "-Onone";
			};
			name = Debug;
		};
		9E99CCF72A944A5A00699B6A /* Release */ = {
			isa = XCBuildConfiguration;
			buildSettings = {
				ALWAYS_SEARCH_USER_PATHS = NO;
				ASSETCATALOG_COMPILER_GENERATE_SWIFT_ASSET_SYMBOL_EXTENSIONS = YES;
				CLANG_ANALYZER_NONNULL = YES;
				CLANG_ANALYZER_NUMBER_OBJECT_CONVERSION = YES_AGGRESSIVE;
				CLANG_CXX_LANGUAGE_STANDARD = "gnu++20";
				CLANG_ENABLE_MODULES = YES;
				CLANG_ENABLE_OBJC_ARC = YES;
				CLANG_ENABLE_OBJC_WEAK = YES;
				CLANG_WARN_BLOCK_CAPTURE_AUTORELEASING = YES;
				CLANG_WARN_BOOL_CONVERSION = YES;
				CLANG_WARN_COMMA = YES;
				CLANG_WARN_CONSTANT_CONVERSION = YES;
				CLANG_WARN_DEPRECATED_OBJC_IMPLEMENTATIONS = YES;
				CLANG_WARN_DIRECT_OBJC_ISA_USAGE = YES_ERROR;
				CLANG_WARN_DOCUMENTATION_COMMENTS = YES;
				CLANG_WARN_EMPTY_BODY = YES;
				CLANG_WARN_ENUM_CONVERSION = YES;
				CLANG_WARN_INFINITE_RECURSION = YES;
				CLANG_WARN_INT_CONVERSION = YES;
				CLANG_WARN_NON_LITERAL_NULL_CONVERSION = YES;
				CLANG_WARN_OBJC_IMPLICIT_RETAIN_SELF = YES;
				CLANG_WARN_OBJC_LITERAL_CONVERSION = YES;
				CLANG_WARN_OBJC_ROOT_CLASS = YES_ERROR;
				CLANG_WARN_QUOTED_INCLUDE_IN_FRAMEWORK_HEADER = YES;
				CLANG_WARN_RANGE_LOOP_ANALYSIS = YES;
				CLANG_WARN_STRICT_PROTOTYPES = YES;
				CLANG_WARN_SUSPICIOUS_MOVE = YES;
				CLANG_WARN_UNGUARDED_AVAILABILITY = YES_AGGRESSIVE;
				CLANG_WARN_UNREACHABLE_CODE = YES;
				CLANG_WARN__DUPLICATE_METHOD_MATCH = YES;
				COPY_PHASE_STRIP = NO;
				DEBUG_INFORMATION_FORMAT = "dwarf-with-dsym";
				ENABLE_NS_ASSERTIONS = NO;
				ENABLE_STRICT_OBJC_MSGSEND = YES;
				ENABLE_USER_SCRIPT_SANDBOXING = YES;
				GCC_C_LANGUAGE_STANDARD = gnu17;
				GCC_NO_COMMON_BLOCKS = YES;
				GCC_WARN_64_TO_32_BIT_CONVERSION = YES;
				GCC_WARN_ABOUT_RETURN_TYPE = YES_ERROR;
				GCC_WARN_UNDECLARED_SELECTOR = YES;
				GCC_WARN_UNINITIALIZED_AUTOS = YES_AGGRESSIVE;
				GCC_WARN_UNUSED_FUNCTION = YES;
				GCC_WARN_UNUSED_VARIABLE = YES;
				IPHONEOS_DEPLOYMENT_TARGET = 16.4;
				LOCALIZATION_PREFERS_STRING_CATALOGS = YES;
				MTL_ENABLE_DEBUG_INFO = NO;
				MTL_FAST_MATH = YES;
				SDKROOT = iphoneos;
				SWIFT_COMPILATION_MODE = wholemodule;
				VALIDATE_PRODUCT = YES;
			};
			name = Release;
		};
		9E99CCF92A944A5A00699B6A /* Debug */ = {
			isa = XCBuildConfiguration;
			buildSettings = {
				ASSETCATALOG_COMPILER_APPICON_NAME = AppIcon;
				ASSETCATALOG_COMPILER_GLOBAL_ACCENT_COLOR_NAME = AccentColor;
				CODE_SIGN_STYLE = Automatic;
				CURRENT_PROJECT_VERSION = 1;
				DEVELOPMENT_ASSET_PATHS = "\"project02-teamB-OUR-consumer/Preview Content\"";
				DEVELOPMENT_TEAM = "";
				ENABLE_PREVIEWS = YES;
				GENERATE_INFOPLIST_FILE = YES;
				INFOPLIST_KEY_UIApplicationSceneManifest_Generation = YES;
				INFOPLIST_KEY_UIApplicationSupportsIndirectInputEvents = YES;
				INFOPLIST_KEY_UILaunchScreen_Generation = YES;
				INFOPLIST_KEY_UISupportedInterfaceOrientations_iPad = "UIInterfaceOrientationPortrait UIInterfaceOrientationPortraitUpsideDown UIInterfaceOrientationLandscapeLeft UIInterfaceOrientationLandscapeRight";
				INFOPLIST_KEY_UISupportedInterfaceOrientations_iPhone = "UIInterfaceOrientationPortrait UIInterfaceOrientationLandscapeLeft UIInterfaceOrientationLandscapeRight";
				IPHONEOS_DEPLOYMENT_TARGET = 16.0;
				LD_RUNPATH_SEARCH_PATHS = (
					"$(inherited)",
					"@executable_path/Frameworks",
				);
				MARKETING_VERSION = 1.0;
				PRODUCT_BUNDLE_IDENTIFIER = "jade.com.project02-teamB-OUR-consumer";
				PRODUCT_NAME = "$(TARGET_NAME)";
				SWIFT_EMIT_LOC_STRINGS = YES;
				SWIFT_VERSION = 5.0;
				TARGETED_DEVICE_FAMILY = "1,2";
			};
			name = Debug;
		};
		9E99CCFA2A944A5A00699B6A /* Release */ = {
			isa = XCBuildConfiguration;
			buildSettings = {
				ASSETCATALOG_COMPILER_APPICON_NAME = AppIcon;
				ASSETCATALOG_COMPILER_GLOBAL_ACCENT_COLOR_NAME = AccentColor;
				CODE_SIGN_STYLE = Automatic;
				CURRENT_PROJECT_VERSION = 1;
				DEVELOPMENT_ASSET_PATHS = "\"project02-teamB-OUR-consumer/Preview Content\"";
				DEVELOPMENT_TEAM = "";
				ENABLE_PREVIEWS = YES;
				GENERATE_INFOPLIST_FILE = YES;
				INFOPLIST_KEY_UIApplicationSceneManifest_Generation = YES;
				INFOPLIST_KEY_UIApplicationSupportsIndirectInputEvents = YES;
				INFOPLIST_KEY_UILaunchScreen_Generation = YES;
				INFOPLIST_KEY_UISupportedInterfaceOrientations_iPad = "UIInterfaceOrientationPortrait UIInterfaceOrientationPortraitUpsideDown UIInterfaceOrientationLandscapeLeft UIInterfaceOrientationLandscapeRight";
				INFOPLIST_KEY_UISupportedInterfaceOrientations_iPhone = "UIInterfaceOrientationPortrait UIInterfaceOrientationLandscapeLeft UIInterfaceOrientationLandscapeRight";
				IPHONEOS_DEPLOYMENT_TARGET = 16.0;
				LD_RUNPATH_SEARCH_PATHS = (
					"$(inherited)",
					"@executable_path/Frameworks",
				);
				MARKETING_VERSION = 1.0;
				PRODUCT_BUNDLE_IDENTIFIER = "jade.com.project02-teamB-OUR-consumer";
				PRODUCT_NAME = "$(TARGET_NAME)";
				SWIFT_EMIT_LOC_STRINGS = YES;
				SWIFT_VERSION = 5.0;
				TARGETED_DEVICE_FAMILY = "1,2";
			};
			name = Release;
		};
/* End XCBuildConfiguration section */

/* Begin XCConfigurationList section */
		9E99CCE52A944A5700699B6A /* Build configuration list for PBXProject "project02-teamB-OUR-consumer" */ = {
			isa = XCConfigurationList;
			buildConfigurations = (
				9E99CCF62A944A5A00699B6A /* Debug */,
				9E99CCF72A944A5A00699B6A /* Release */,
			);
			defaultConfigurationIsVisible = 0;
			defaultConfigurationName = Release;
		};
		9E99CCF82A944A5A00699B6A /* Build configuration list for PBXNativeTarget "project02-teamB-OUR-consumer" */ = {
			isa = XCConfigurationList;
			buildConfigurations = (
				9E99CCF92A944A5A00699B6A /* Debug */,
				9E99CCFA2A944A5A00699B6A /* Release */,
			);
			defaultConfigurationIsVisible = 0;
			defaultConfigurationName = Release;
		};
/* End XCConfigurationList section */

/* Begin XCRemoteSwiftPackageReference section */
		F485B74B2A94574200A2F5FF /* XCRemoteSwiftPackageReference "firebase-ios-sdk" */ = {
			isa = XCRemoteSwiftPackageReference;
			repositoryURL = "https://github.com/firebase/firebase-ios-sdk";
			requirement = {
				kind = upToNextMajorVersion;
				minimumVersion = 10.0.0;
			};
		};
/* End XCRemoteSwiftPackageReference section */

/* Begin XCSwiftPackageProductDependency section */
		F485B74C2A94574200A2F5FF /* FirebaseAuth */ = {
			isa = XCSwiftPackageProductDependency;
			package = F485B74B2A94574200A2F5FF /* XCRemoteSwiftPackageReference "firebase-ios-sdk" */;
			productName = FirebaseAuth;
		};
		F485B74E2A94574200A2F5FF /* FirebaseFirestore */ = {
			isa = XCSwiftPackageProductDependency;
			package = F485B74B2A94574200A2F5FF /* XCRemoteSwiftPackageReference "firebase-ios-sdk" */;
			productName = FirebaseFirestore;
		};
		F485B7502A94574200A2F5FF /* FirebaseFirestoreCombine-Community */ = {
			isa = XCSwiftPackageProductDependency;
			package = F485B74B2A94574200A2F5FF /* XCRemoteSwiftPackageReference "firebase-ios-sdk" */;
			productName = "FirebaseFirestoreCombine-Community";
		};
		F485B7522A94574200A2F5FF /* FirebaseFirestoreSwift */ = {
			isa = XCSwiftPackageProductDependency;
			package = F485B74B2A94574200A2F5FF /* XCRemoteSwiftPackageReference "firebase-ios-sdk" */;
			productName = FirebaseFirestoreSwift;
		};
/* End XCSwiftPackageProductDependency section */
	};
	rootObject = 9E99CCE22A944A5700699B6A /* Project object */;
}
